
Microsoft Visual Studio Solution File, Format Version 12.00
# Visual Studio Version 17
VisualStudioVersion = 17.5.002.0
MinimumVisualStudioVersion = 10.0.40219.1
Project("{9A19103F-16F7-4668-BE54-9A1E7A4F7556}") = "SQSClient", "SQSClient.csproj", "{51D8197B-794A-4D8E-B128-20BFB7738785}"
EndProject
Global
	GlobalSection(SolutionConfigurationPlatforms) = preSolution
		Debug|Any CPU = Debug|Any CPU
		Release|Any CPU = Release|Any CPU
	EndGlobalSection
	GlobalSection(ProjectConfigurationPlatforms) = postSolution
		{51D8197B-794A-4D8E-B128-20BFB7738785}.Debug|Any CPU.ActiveCfg = Debug|Any CPU
		{51D8197B-794A-4D8E-B128-20BFB7738785}.Debug|Any CPU.Build.0 = Debug|Any CPU
		{51D8197B-794A-4D8E-B128-20BFB7738785}.Release|Any CPU.ActiveCfg = Release|Any CPU
		{51D8197B-794A-4D8E-B128-20BFB7738785}.Release|Any CPU.Build.0 = Release|Any CPU
	EndGlobalSection
	GlobalSection(SolutionProperties) = preSolution
		HideSolutionNode = FALSE
	EndGlobalSection
	GlobalSection(ExtensibilityGlobals) = postSolution
		SolutionGuid = {110262A1-AACD-45CD-B002-7902F01AD2D4}
	EndGlobalSection
EndGlobal
